
Microsoft Visual Studio Solution File, Format Version 12.00
# Visual Studio 15
VisualStudioVersion = 15.0.27130.2010
MinimumVisualStudioVersion = 10.0.40219.1
Project("{9A19103F-16F7-4668-BE54-9A1E7A4F7556}") = "VersionCheck", "VersionCheck\VersionCheck.csproj", "{B206C6E3-10D0-4861-BD0E-61F9A8CA53EC}"
EndProject
Global
	GlobalSection(SolutionConfigurationPlatforms) = preSolution
		Debug|Any CPU = Debug|Any CPU
		Release|Any CPU = Release|Any CPU
	EndGlobalSection
	GlobalSection(ProjectConfigurationPlatforms) = postSolution
		{B206C6E3-10D0-4861-BD0E-61F9A8CA53EC}.Debug|Any CPU.ActiveCfg = Debug|Any CPU
		{B206C6E3-10D0-4861-BD0E-61F9A8CA53EC}.Debug|Any CPU.Build.0 = Debug|Any CPU
		{B206C6E3-10D0-4861-BD0E-61F9A8CA53EC}.Release|Any CPU.ActiveCfg = Release|Any CPU
		{B206C6E3-10D0-4861-BD0E-61F9A8CA53EC}.Release|Any CPU.Build.0 = Release|Any CPU
	EndGlobalSection
	GlobalSection(SolutionProperties) = preSolution
		HideSolutionNode = FALSE
	EndGlobalSection
	GlobalSection(ExtensibilityGlobals) = postSolution
		SolutionGuid = {A15B5DAA-DEAD-4EEC-97BA-B433F44FB99D}
	EndGlobalSection
EndGlobal
